
Microsoft Visual Studio Solution File, Format Version 12.00
# Visual Studio 15
VisualStudioVersion = 15.0.28307.1022
MinimumVisualStudioVersion = 10.0.40219.1
Project("{FAE04EC0-301F-11D3-BF4B-00C04F79EFBC}") = "DMIPSpaceInvaders", "DMIPSpaceInvaders\DMIPSpaceInvaders.csproj", "{B8A9597A-DE8F-4F56-82C3-9EB70B5C843E}"
EndProject
Global
	GlobalSection(SolutionConfigurationPlatforms) = preSolution
		Debug|Any CPU = Debug|Any CPU
		Release|Any CPU = Release|Any CPU
	EndGlobalSection
	GlobalSection(ProjectConfigurationPlatforms) = postSolution
		{B8A9597A-DE8F-4F56-82C3-9EB70B5C843E}.Debug|Any CPU.ActiveCfg = Debug|Any CPU
		{B8A9597A-DE8F-4F56-82C3-9EB70B5C843E}.Debug|Any CPU.Build.0 = Debug|Any CPU
		{B8A9597A-DE8F-4F56-82C3-9EB70B5C843E}.Release|Any CPU.ActiveCfg = Release|Any CPU
		{B8A9597A-DE8F-4F56-82C3-9EB70B5C843E}.Release|Any CPU.Build.0 = Release|Any CPU
	EndGlobalSection
	GlobalSection(SolutionProperties) = preSolution
		HideSolutionNode = FALSE
	EndGlobalSection
	GlobalSection(ExtensibilityGlobals) = postSolution
		SolutionGuid = {2C57F0FD-DD32-4286-8AD2-C9C9CF28CCF9}
	EndGlobalSection
EndGlobal
